version = 1
revision = 3
requires-python = ">=3.14"

[[package]]
name = "auto-uttrekk"
version = "0.1.0"
source = { editable = "." }
dependencies = [
    { name = "duckdb" },
    { name = "polars" },
    { name = "xlsxwriter" },
]

[package.metadata]
requires-dist = [
    { name = "duckdb", specifier = ">=1.4.3" },
    { name = "polars", specifier = ">=1.20.0" },
    { name = "xlsxwriter", specifier = ">=3.2.0" },
]

[[package]]
name = "duckdb"
version = "1.4.3"
source = { registry = "https://pypi.org/simple" }
sdist = { url = "https://files.pythonhosted.org/packages/7f/da/17c3eb5458af69d54dedc8d18e4a32ceaa8ce4d4c699d45d6d8287e790c3/duckdb-1.4.3.tar.gz", hash = "sha256:fea43e03604c713e25a25211ada87d30cd2a044d8f27afab5deba26ac49e5268", size = 18478418, upload-time = "2025-12-09T10:59:22.945Z" }
wheels = [
    { url = "https://files.pythonhosted.org/packages/b6/f4/a38651e478fa41eeb8e43a0a9c0d4cd8633adea856e3ac5ac95124b0fdbf/duckdb-1.4.3-cp314-cp314-macosx_10_15_universal2.whl", hash = "sha256:316711a9e852bcfe1ed6241a5f654983f67e909e290495f3562cccdf43be8180", size = 29042272, upload-time = "2025-12-09T10:58:51.826Z" },
    { url = "https://files.pythonhosted.org/packages/16/de/2cf171a66098ce5aeeb7371511bd2b3d7b73a2090603b0b9df39f8aaf814/duckdb-1.4.3-cp314-cp314-macosx_10_15_x86_64.whl", hash = "sha256:9e625b2b4d52bafa1fd0ebdb0990c3961dac8bb00e30d327185de95b68202131", size = 15419343, upload-time = "2025-12-09T10:58:54.439Z" },
    { url = "https://files.pythonhosted.org/packages/35/28/6b0a7830828d4e9a37420d87e80fe6171d2869a9d3d960bf5d7c3b8c7ee4/duckdb-1.4.3-cp314-cp314-macosx_11_0_arm64.whl", hash = "sha256:130c6760f6c573f9c9fe9aba56adba0fab48811a4871b7b8fd667318b4a3e8da", size = 13748905, upload-time = "2025-12-09T10:58:56.656Z" },
    { url = "https://files.pythonhosted.org/packages/15/4d/778628e194d63967870873b9581c8a6b4626974aa4fbe09f32708a2d3d3a/duckdb-1.4.3-cp314-cp314-manylinux_2_26_aarch64.manylinux_2_28_aarch64.whl", hash = "sha256:20c88effaa557a11267706b01419c542fe42f893dee66e5a6daa5974ea2d4a46", size = 18487261, upload-time = "2025-12-09T10:58:58.866Z" },
    { url = "https://files.pythonhosted.org/packages/c6/5f/87e43af2e4a0135f9675449563e7c2f9b6f1fe6a2d1691c96b091f3904dd/duckdb-1.4.3-cp314-cp314-manylinux_2_26_x86_64.manylinux_2_28_x86_64.whl", hash = "sha256:1b35491db98ccd11d151165497c084a9d29d3dc42fc80abea2715a6c861ca43d", size = 20497138, upload-time = "2025-12-09T10:59:01.241Z" },
    { url = "https://files.pythonhosted.org/packages/94/41/abec537cc7c519121a2a83b9a6f180af8915fabb433777dc147744513e74/duckdb-1.4.3-cp314-cp314-win_amd64.whl", hash = "sha256:23b12854032c1a58d0452e2b212afa908d4ce64171862f3792ba9a596ba7c765", size = 12836056, upload-time = "2025-12-09T10:59:03.388Z" },
    { url = "https://files.pythonhosted.org/packages/b1/5a/8af5b96ce5622b6168854f479ce846cf7fb589813dcc7d8724233c37ded3/duckdb-1.4.3-cp314-cp314-win_arm64.whl", hash = "sha256:90f241f25cffe7241bf9f376754a5845c74775e00e1c5731119dc88cd71e0cb2", size = 13527759, upload-time = "2025-12-09T10:59:05.496Z" },
]

[[package]]
name = "polars"
version = "1.37.0"
source = { registry = "https://pypi.org/simple" }
dependencies = [
    { name = "polars-runtime-32" },
]
sdist = { url = "https://files.pythonhosted.org/packages/6c/b5/ce40267c54b66f93572d84f7ba1c216b72a71cb2235e3724fab0911541fe/polars-1.37.0.tar.gz", hash = "sha256:6bbbeefb6f02f848d46ad4f4e922a92573986fd38611801c696bae98b02be4c8", size = 715429, upload-time = "2026-01-10T12:28:06.741Z" }
wheels = [
    { url = "https://files.pythonhosted.org/packages/31/07/d890382bbfdeb25db039ef4a8c8f93b3faf0016e18130513274204954203/polars-1.37.0-py3-none-any.whl", hash = "sha256:fcc549b9923ef1bd6fd99b5fd0a00dfedf85406f4758ae018a69bcd18a91f113", size = 805614, upload-time = "2026-01-10T12:26:47.897Z" },
]

[[package]]
name = "polars-runtime-32"
version = "1.37.0"
source = { registry = "https://pypi.org/simple" }
sdist = { url = "https://files.pythonhosted.org/packages/30/92/b818590a5ebcc55657f5483f26133174bd2b9ca88457b60c93669a9d0c75/polars_runtime_32-1.37.0.tar.gz", hash = "sha256:954ddb056e3a2db2cbcaae501225ac5604d1599b6debd9c6dbdf8efbac0e6511", size = 2820371, upload-time = "2026-01-10T12:28:08.195Z" }
wheels = [
    { url = "https://files.pythonhosted.org/packages/f0/67/76162c9fcc71b917bdfd2804eaf0ab7cdb264a89b89af4f195a918f9f97d/polars_runtime_32-1.37.0-cp310-abi3-macosx_10_12_x86_64.whl", hash = "sha256:3591f4b8e734126d713a12869d3727360acbbcd1d440b45d830497a317a5a8b3", size = 43518436, upload-time = "2026-01-10T12:26:51.442Z" },
    { url = "https://files.pythonhosted.org/packages/cb/ec/56f328e8fa4ebea453f5bc10c579774dff774a873ff224b3108d53c514f9/polars_runtime_32-1.37.0-cp310-abi3-macosx_11_0_arm64.whl", hash = "sha256:47849420859159681e94589daad3a04ff66a2379c116ccd812d043f7ffe0094c", size = 39663939, upload-time = "2026-01-10T12:26:54.664Z" },
    { url = "https://files.pythonhosted.org/packages/4c/b2/f1ea0edba327a92ce0158b7a0e4abe21f541e44c9fb8ec932cc47592ca5c/polars_runtime_32-1.37.0-cp310-abi3-manylinux_2_17_aarch64.manylinux2014_aarch64.whl", hash = "sha256:4648ea1e821b9a841b2a562f27bcf54ff1ad21f9c217adcf0f7d0b3c33dc6400", size = 41481348, upload-time = "2026-01-10T12:26:57.598Z" },
    { url = "https://files.pythonhosted.org/packages/3b/21/788a3dd724bb21cf42e2f4daa6510a47787e8b30dd535aa6cae20ea968d0/polars_runtime_32-1.37.0-cp310-abi3-manylinux_2_17_x86_64.manylinux2014_x86_64.whl", hash = "sha256:5272b6f1680a3e0d77c9f07cb5a54f307079eb5d519c71aa3c37b9af0ee03a9e", size = 45168069, upload-time = "2026-01-10T12:27:00.98Z" },
    { url = "https://files.pythonhosted.org/packages/8a/73/823d6534a20ebdcec4b7706ab2b3f2cfb8e07571305f4e7381cc22d83e31/polars_runtime_32-1.37.0-cp310-abi3-musllinux_1_2_aarch64.whl", hash = "sha256:73301ef4fe80d8d748085259a4063ac52ff058088daa702e2a75e7d1ab7f14fc", size = 41675645, upload-time = "2026-01-10T12:27:04.334Z" },
    { url = "https://files.pythonhosted.org/packages/30/54/1bacad96dc2b67d33b886a45b249777212782561493718785cb27c7c362a/polars_runtime_32-1.37.0-cp310-abi3-musllinux_1_2_x86_64.whl", hash = "sha256:c60d523d738a7b3660d9abdfaff798f7602488f469d427865965b0bd2e40473a", size = 44737715, upload-time = "2026-01-10T12:27:08.152Z" },
    { url = "https://files.pythonhosted.org/packages/38/e3/aad525d8d89b903fcfa2bd0b4cb66b8a6e83e80b3d1348c5a428092d2983/polars_runtime_32-1.37.0-cp310-abi3-win_amd64.whl", hash = "sha256:f87f76f16e8030d277ecca0c0976aca62ec2b6ba2099ee9c6f75dfc97e7dc1b1", size = 45018403, upload-time = "2026-01-10T12:27:11.292Z" },
    { url = "https://files.pythonhosted.org/packages/0e/4d/ddcaa5f2e18763e02e66d0fd2efca049a42fe96fbeda188e89aeb38dd6fa/polars_runtime_32-1.37.0-cp310-abi3-win_arm64.whl", hash = "sha256:7ffbd9487e3668b0a57519f7ab5ab53ab656086db9f62dceaab41393a07be721", size = 41026243, upload-time = "2026-01-10T12:27:14.563Z" },
]

[[package]]
name = "xlsxwriter"
version = "3.2.9"
source = { registry = "https://pypi.org/simple" }
sdist = { url = "https://files.pythonhosted.org/packages/46/2c/c06ef49dc36e7954e55b802a8b231770d286a9758b3d936bd1e04ce5ba88/xlsxwriter-3.2.9.tar.gz", hash = "sha256:254b1c37a368c444eac6e2f867405cc9e461b0ed97a3233b2ac1e574efb4140c", size = 215940, upload-time = "2025-09-16T00:16:21.63Z" }
wheels = [
    { url = "https://files.pythonhosted.org/packages/3a/0c/3662f4a66880196a590b202f0db82d919dd2f89e99a27fadef91c4a33d41/xlsxwriter-3.2.9-py3-none-any.whl", hash = "sha256:9a5db42bc5dff014806c58a20b9eae7322a134abb6fce3c92c181bfb275ec5b3", size = 175315, upload-time = "2025-09-16T00:16:20.108Z" },
]
